
Microsoft Visual Studio Solution File, Format Version 12.00
# Visual Studio Version 17
VisualStudioVersion = 17.14.36212.18
MinimumVisualStudioVersion = 10.0.40219.1
Project("{FAE04EC0-301F-11D3-BF4B-00C04F79EFBC}") = "VirtualNanny", "VirtualNanny\VirtualNanny.csproj", "{8133DDE3-AAC1-49B7-AFC3-793CE424AAE1}"
EndProject
Project("{FAE04EC0-301F-11D3-BF4B-00C04F79EFBC}") = "VirtualNanny.AudioAnalysis", "VirtualNanny.AudioAnalysis\VirtualNanny.AudioAnalysis.csproj", "{25AAD53D-949D-4089-A7CC-30B7E12F7D16}"
EndProject
Project("{FAE04EC0-301F-11D3-BF4B-00C04F79EFBC}") = "VirtualNanny.CryDetection.Training", "VirtualNanny.CryDetection.Training\VirtualNanny.CryDetection.Training.csproj", "{65A3EE85-AC6B-0847-1A29-EF79879765BB}"
EndProject
Project("{FAE04EC0-301F-11D3-BF4B-00C04F79EFBC}") = "VirtualNanny.CryDetection.ModelTester", "VirtualNanny.CryDetection.ModelTester\VirtualNanny.CryDetection.ModelTester.csproj", "{4DE6DB07-CAEF-06DC-287F-CAA27C2F710E}"
EndProject
Project("{FAE04EC0-301F-11D3-BF4B-00C04F79EFBC}") = "VirtualNanny.CryDetection.Core", "VirtualNanny.CryDetection.Core\VirtualNanny.CryDetection.Core.csproj", "{1DD63851-57B5-4F9E-BE70-87679192ADD9}"
EndProject
Project("{2150E333-8FDC-42A3-9474-1A3956D46DE8}") = "ModelTrainingAndTesting", "ModelTrainingAndTesting", "{02EA681E-C7D8-13C7-8484-4AC65E1B71E8}"
EndProject
Project("{2150E333-8FDC-42A3-9474-1A3956D46DE8}") = "MobileApp", "MobileApp", "{5064A3EC-9879-471A-BF32-AEE1BA175CF6}"
EndProject
Global
	GlobalSection(SolutionConfigurationPlatforms) = preSolution
		Debug|Any CPU = Debug|Any CPU
		Debug|x64 = Debug|x64
		Debug|x86 = Debug|x86
		Release|Any CPU = Release|Any CPU
		Release|x64 = Release|x64
		Release|x86 = Release|x86
	EndGlobalSection
	GlobalSection(ProjectConfigurationPlatforms) = postSolution
		{8133DDE3-AAC1-49B7-AFC3-793CE424AAE1}.Debug|Any CPU.ActiveCfg = Debug|Any CPU
		{8133DDE3-AAC1-49B7-AFC3-793CE424AAE1}.Debug|Any CPU.Build.0 = Debug|Any CPU
		{8133DDE3-AAC1-49B7-AFC3-793CE424AAE1}.Debug|x64.ActiveCfg = Debug|Any CPU
		{8133DDE3-AAC1-49B7-AFC3-793CE424AAE1}.Debug|x64.Build.0 = Debug|Any CPU
		{8133DDE3-AAC1-49B7-AFC3-793CE424AAE1}.Debug|x86.ActiveCfg = Debug|Any CPU
		{8133DDE3-AAC1-49B7-AFC3-793CE424AAE1}.Debug|x86.Build.0 = Debug|Any CPU
		{8133DDE3-AAC1-49B7-AFC3-793CE424AAE1}.Release|Any CPU.ActiveCfg = Release|Any CPU
		{8133DDE3-AAC1-49B7-AFC3-793CE424AAE1}.Release|Any CPU.Build.0 = Release|Any CPU
		{8133DDE3-AAC1-49B7-AFC3-793CE424AAE1}.Release|x64.ActiveCfg = Release|Any CPU
		{8133DDE3-AAC1-49B7-AFC3-793CE424AAE1}.Release|x64.Build.0 = Release|Any CPU
		{8133DDE3-AAC1-49B7-AFC3-793CE424AAE1}.Release|x86.ActiveCfg = Release|Any CPU
		{8133DDE3-AAC1-49B7-AFC3-793CE424AAE1}.Release|x86.Build.0 = Release|Any CPU
		{25AAD53D-949D-4089-A7CC-30B7E12F7D16}.Debug|Any CPU.ActiveCfg = Debug|Any CPU
		{25AAD53D-949D-4089-A7CC-30B7E12F7D16}.Debug|Any CPU.Build.0 = Debug|Any CPU
		{25AAD53D-949D-4089-A7CC-30B7E12F7D16}.Debug|x64.ActiveCfg = Debug|Any CPU
		{25AAD53D-949D-4089-A7CC-30B7E12F7D16}.Debug|x64.Build.0 = Debug|Any CPU
		{25AAD53D-949D-4089-A7CC-30B7E12F7D16}.Debug|x86.ActiveCfg = Debug|Any CPU
		{25AAD53D-949D-4089-A7CC-30B7E12F7D16}.Debug|x86.Build.0 = Debug|Any CPU
		{25AAD53D-949D-4089-A7CC-30B7E12F7D16}.Release|Any CPU.ActiveCfg = Release|Any CPU
		{25AAD53D-949D-4089-A7CC-30B7E12F7D16}.Release|Any CPU.Build.0 = Release|Any CPU
		{25AAD53D-949D-4089-A7CC-30B7E12F7D16}.Release|x64.ActiveCfg = Release|Any CPU
		{25AAD53D-949D-4089-A7CC-30B7E12F7D16}.Release|x64.Build.0 = Release|Any CPU
		{25AAD53D-949D-4089-A7CC-30B7E12F7D16}.Release|x86.ActiveCfg = Release|Any CPU
		{25AAD53D-949D-4089-A7CC-30B7E12F7D16}.Release|x86.Build.0 = Release|Any CPU
		{65A3EE85-AC6B-0847-1A29-EF79879765BB}.Debug|Any CPU.ActiveCfg = Debug|Any CPU
		{65A3EE85-AC6B-0847-1A29-EF79879765BB}.Debug|Any CPU.Build.0 = Debug|Any CPU
		{65A3EE85-AC6B-0847-1A29-EF79879765BB}.Debug|x64.ActiveCfg = Debug|Any CPU
		{65A3EE85-AC6B-0847-1A29-EF79879765BB}.Debug|x64.Build.0 = Debug|Any CPU
		{65A3EE85-AC6B-0847-1A29-EF79879765BB}.Debug|x86.ActiveCfg = Debug|Any CPU
		{65A3EE85-AC6B-0847-1A29-EF79879765BB}.Debug|x86.Build.0 = Debug|Any CPU
		{65A3EE85-AC6B-0847-1A29-EF79879765BB}.Release|Any CPU.ActiveCfg = Release|Any CPU
		{65A3EE85-AC6B-0847-1A29-EF79879765BB}.Release|Any CPU.Build.0 = Release|Any CPU
		{65A3EE85-AC6B-0847-1A29-EF79879765BB}.Release|x64.ActiveCfg = Release|Any CPU
		{65A3EE85-AC6B-0847-1A29-EF79879765BB}.Release|x64.Build.0 = Release|Any CPU
		{65A3EE85-AC6B-0847-1A29-EF79879765BB}.Release|x86.ActiveCfg = Release|Any CPU
		{65A3EE85-AC6B-0847-1A29-EF79879765BB}.Release|x86.Build.0 = Release|Any CPU
		{4DE6DB07-CAEF-06DC-287F-CAA27C2F710E}.Debug|Any CPU.ActiveCfg = Debug|Any CPU
		{4DE6DB07-CAEF-06DC-287F-CAA27C2F710E}.Debug|Any CPU.Build.0 = Debug|Any CPU
		{4DE6DB07-CAEF-06DC-287F-CAA27C2F710E}.Debug|x64.ActiveCfg = Debug|Any CPU
		{4DE6DB07-CAEF-06DC-287F-CAA27C2F710E}.Debug|x64.Build.0 = Debug|Any CPU
		{4DE6DB07-CAEF-06DC-287F-CAA27C2F710E}.Debug|x86.ActiveCfg = Debug|Any CPU
		{4DE6DB07-CAEF-06DC-287F-CAA27C2F710E}.Debug|x86.Build.0 = Debug|Any CPU
		{4DE6DB07-CAEF-06DC-287F-CAA27C2F710E}.Release|Any CPU.ActiveCfg = Release|Any CPU
		{4DE6DB07-CAEF-06DC-287F-CAA27C2F710E}.Release|Any CPU.Build.0 = Release|Any CPU
		{4DE6DB07-CAEF-06DC-287F-CAA27C2F710E}.Release|x64.ActiveCfg = Release|Any CPU
		{4DE6DB07-CAEF-06DC-287F-CAA27C2F710E}.Release|x64.Build.0 = Release|Any CPU
		{4DE6DB07-CAEF-06DC-287F-CAA27C2F710E}.Release|x86.ActiveCfg = Release|Any CPU
		{4DE6DB07-CAEF-06DC-287F-CAA27C2F710E}.Release|x86.Build.0 = Release|Any CPU
		{1DD63851-57B5-4F9E-BE70-87679192ADD9}.Debug|Any CPU.ActiveCfg = Debug|Any CPU
		{1DD63851-57B5-4F9E-BE70-87679192ADD9}.Debug|Any CPU.Build.0 = Debug|Any CPU
		{1DD63851-57B5-4F9E-BE70-87679192ADD9}.Debug|x64.ActiveCfg = Debug|Any CPU
		{1DD63851-57B5-4F9E-BE70-87679192ADD9}.Debug|x64.Build.0 = Debug|Any CPU
		{1DD63851-57B5-4F9E-BE70-87679192ADD9}.Debug|x86.ActiveCfg = Debug|Any CPU
		{1DD63851-57B5-4F9E-BE70-87679192ADD9}.Debug|x86.Build.0 = Debug|Any CPU
		{1DD63851-57B5-4F9E-BE70-87679192ADD9}.Release|Any CPU.ActiveCfg = Release|Any CPU
		{1DD63851-57B5-4F9E-BE70-87679192ADD9}.Release|Any CPU.Build.0 = Release|Any CPU
		{1DD63851-57B5-4F9E-BE70-87679192ADD9}.Release|x64.ActiveCfg = Release|Any CPU
		{1DD63851-57B5-4F9E-BE70-87679192ADD9}.Release|x64.Build.0 = Release|Any CPU
		{1DD63851-57B5-4F9E-BE70-87679192ADD9}.Release|x86.ActiveCfg = Release|Any CPU
		{1DD63851-57B5-4F9E-BE70-87679192ADD9}.Release|x86.Build.0 = Release|Any CPU
	EndGlobalSection
	GlobalSection(SolutionProperties) = preSolution
		HideSolutionNode = FALSE
	EndGlobalSection
	GlobalSection(NestedProjects) = preSolution
		{8133DDE3-AAC1-49B7-AFC3-793CE424AAE1} = {5064A3EC-9879-471A-BF32-AEE1BA175CF6}
		{65A3EE85-AC6B-0847-1A29-EF79879765BB} = {02EA681E-C7D8-13C7-8484-4AC65E1B71E8}
		{4DE6DB07-CAEF-06DC-287F-CAA27C2F710E} = {02EA681E-C7D8-13C7-8484-4AC65E1B71E8}
	EndGlobalSection
	GlobalSection(ExtensibilityGlobals) = postSolution
		SolutionGuid = {ECD01948-E19E-406E-AFFD-E1C19C56C640}
	EndGlobalSection
EndGlobal
